
Microsoft Visual Studio Solution File, Format Version 12.00
# Visual Studio 15
Project("{FAE04EC0-301F-11D3-BF4B-00C04F79EFBC}") = "Intro Screen", "Assembly-CSharp.csproj", "{89963F46-6A7E-0C4C-E79D-C9E28A8C0CFC}"
EndProject
Global
	GlobalSection(SolutionConfigurationPlatforms) = preSolution
		Debug|Any CPU = Debug|Any CPU
		Release|Any CPU = Release|Any CPU
	EndGlobalSection
	GlobalSection(ProjectConfigurationPlatforms) = postSolution
		{89963F46-6A7E-0C4C-E79D-C9E28A8C0CFC}.Debug|Any CPU.ActiveCfg = Debug|Any CPU
		{89963F46-6A7E-0C4C-E79D-C9E28A8C0CFC}.Debug|Any CPU.Build.0 = Debug|Any CPU
		{89963F46-6A7E-0C4C-E79D-C9E28A8C0CFC}.Release|Any CPU.ActiveCfg = Release|Any CPU
		{89963F46-6A7E-0C4C-E79D-C9E28A8C0CFC}.Release|Any CPU.Build.0 = Release|Any CPU
	EndGlobalSection
	GlobalSection(SolutionProperties) = preSolution
		HideSolutionNode = FALSE
	EndGlobalSection
EndGlobal
